<?xml version="1.0"?>
<CONFIG>
  <ProjectOptions>
    <Version Value="9"/>
    <PathDelim Value="\"/>
    <General>
      <MainUnit Value="0"/>
      <UseXPManifest Value="True"/>
      <XPManifest>
        <DpiAware Value="True"/>
      </XPManifest>
      <Icon Value="0"/>
      <ActiveWindowIndexAtStart Value="0"/>
    </General>
    <MacroValues Count="1">
      <Macro1 Name="MacOS_Link" Value="true"/>
    </MacroValues>
    <BuildModes Count="2" Active="Debug">
      <Item1 Name="Debug" Default="True"/>
      <Item2 Name="Release">
        <MacroValues Count="1">
          <Macro1 Name="MacOS_Link" Value="true"/>
        </MacroValues>
        <CompilerOptions>
          <Version Value="11"/>
          <PathDelim Value="\"/>
          <SearchPaths>
            <IncludeFiles Value="$(ProjOutDir);..\lib;..\lib\Dependencies\SDL;..\lib\Dependencies\DirectX;..\lib\Dependencies\Vampyre;..\modules"/>
            <OtherUnitFiles Value="..\lib;..\lib\Core;..\lib\Core\Base;..\lib\Core\IO;..\lib\Core\Providers;..\lib\Foundation;..\lib\Foundation\Animations;..\lib\Foundation\Audio;..\lib\Foundation\Network;..\lib\Foundation\Pipeline;..\lib\Foundation\Scene;..\lib\Foundation\Scripting;..\lib\Graphics;..\lib\Graphics\Effects;..\lib\Graphics\Fonts;..\lib\Graphics\GUI;..\lib\Graphics\Textures;..\lib\Dependencies\DirectX;..\lib\Dependencies\SDL;..\lib\Dependencies\OpenGL;..\lib\Dependencies\Vampyre;..\modules;units"/>
            <UnitOutputDirectory Value="..\bin"/>
          </SearchPaths>
          <Conditionals Value="// Mac OS build macro
if TargetOS = 'darwin' then
  LinkerOptions += ' -L../lib/MacOSX';"/>
          <BuildMacros>
            <Count Value="1"/>
            <Item1>
              <Identifier Value="MacOS_Link"/>
            </Item1>
          </BuildMacros>
          <Parsing>
            <SyntaxOptions>
              <SyntaxMode Value="Delphi"/>
              <UseAnsiStrings Value="False"/>
            </SyntaxOptions>
          </Parsing>
          <CodeGeneration>
            <SmartLinkUnit Value="True"/>
            <SmallerCode Value="True"/>
            <Optimizations>
              <OptimizationLevel Value="3"/>
            </Optimizations>
          </CodeGeneration>
          <Linking>
            <Debugging>
              <DebugInfoType Value="dsStabs"/>
              <StripSymbols Value="True"/>
              <UseExternalDbgSyms Value="True"/>
            </Debugging>
            <LinkSmart Value="True"/>
            <Options>
              <PassLinkerOptions Value="True"/>
            </Options>
          </Linking>
          <Other>
            <CompilerMessages>
              <UseMsgFile Value="True"/>
            </CompilerMessages>
            <ConfigFile>
              <CustomConfigFile Value="True"/>
              <ConfigFilePath Value="config.cfg"/>
            </ConfigFile>
            <CompilerPath Value="$(CompPath)"/>
          </Other>
        </CompilerOptions>
      </Item2>
    </BuildModes>
    <PublishOptions>
      <Version Value="2"/>
      <IgnoreBinaries Value="False"/>
      <IncludeFileFilter Value="*.(pas|pp|inc|lfm|lpr|lrs|lpi|lpk|sh|xml)"/>
      <ExcludeFileFilter Value="*.(bak|ppu|ppw|o|so);*~;backup"/>
    </PublishOptions>
    <RunParams>
      <local>
        <FormatVersion Value="1"/>
        <LaunchingApplication PathPlusParams="\usr\X11R6\bin\xterm -T 'Lazarus Run Output' -e $(LazarusDir)\tools\runwait.sh $(TargetCmdLine)"/>
      </local>
    </RunParams>
    <Units Count="112">
      <Unit0>
        <Filename Value="main.lpr"/>
        <IsPartOfProject Value="True"/>
        <EditorIndex Value="5"/>
        <WindowIndex Value="0"/>
        <TopLine Value="25"/>
        <CursorPos X="41" Y="27"/>
        <UsageCount Value="201"/>
        <Loaded Value="True"/>
        <DefaultSyntaxHighlighter Value="Delphi"/>
      </Unit0>
      <Unit1>
        <Filename Value="units\uBasic.pas"/>
        <UnitName Value="uBasic"/>
        <IsVisibleTab Value="True"/>
        <EditorIndex Value="7"/>
        <WindowIndex Value="0"/>
        <TopLine Value="32"/>
        <CursorPos X="191" Y="47"/>
        <UsageCount Value="91"/>
        <Loaded Value="True"/>
        <DefaultSyntaxHighlighter Value="Delphi"/>
      </Unit1>
      <Unit2>
        <Filename Value="units\uGame.pas"/>
        <UnitName Value="uGame"/>
        <EditorIndex Value="4"/>
        <WindowIndex Value="0"/>
        <TopLine Value="3"/>
        <CursorPos X="3" Y="21"/>
        <UsageCount Value="101"/>
        <Loaded Value="True"/>
        <DefaultSyntaxHighlighter Value="Delphi"/>
      </Unit2>
      <Unit3>
        <Filename Value="units\uMainMenu.pas"/>
        <UnitName Value="uMainMenu"/>
        <EditorIndex Value="6"/>
        <WindowIndex Value="0"/>
        <TopLine Value="28"/>
        <CursorPos X="23" Y="61"/>
        <UsageCount Value="101"/>
        <Loaded Value="True"/>
        <DefaultSyntaxHighlighter Value="Delphi"/>
      </Unit3>
      <Unit4>
        <Filename Value="units\uGameScreen.pas"/>
        <UnitName Value="uGameScreen"/>
        <EditorIndex Value="0"/>
        <WindowIndex Value="0"/>
        <TopLine Value="63"/>
        <CursorPos X="20" Y="77"/>
        <UsageCount Value="100"/>
        <Loaded Value="True"/>
        <DefaultSyntaxHighlighter Value="Delphi"/>
      </Unit4>
      <Unit5>
        <Filename Value="units\uGlobal.pas"/>
        <UnitName Value="uGlobal"/>
        <WindowIndex Value="0"/>
        <TopLine Value="15"/>
        <CursorPos X="1" Y="26"/>
        <UsageCount Value="127"/>
        <DefaultSyntaxHighlighter Value="Delphi"/>
      </Unit5>
      <Unit6>
        <Filename Value="units\uActor.pas"/>
        <UnitName Value="uActor"/>
        <WindowIndex Value="0"/>
        <TopLine Value="183"/>
        <CursorPos X="14" Y="206"/>
        <UsageCount Value="62"/>
        <DefaultSyntaxHighlighter Value="Delphi"/>
      </Unit6>
      <Unit7>
        <Filename Value="units\uIsland.pas"/>
        <UnitName Value="uIsland"/>
        <WindowIndex Value="0"/>
        <TopLine Value="145"/>
        <CursorPos X="53" Y="122"/>
        <UsageCount Value="36"/>
        <DefaultSyntaxHighlighter Value="Delphi"/>
      </Unit7>
      <Unit8>
        <Filename Value="units\uLevel.pas"/>
        <UnitName Value="uLevel"/>
        <WindowIndex Value="0"/>
        <TopLine Value="275"/>
        <CursorPos X="18" Y="314"/>
        <UsageCount Value="62"/>
        <DefaultSyntaxHighlighter Value="Delphi"/>
      </Unit8>
      <Unit9>
        <Filename Value="units\uSettings.pas"/>
        <UnitName Value="uSettings"/>
        <WindowIndex Value="0"/>
        <TopLine Value="13"/>
        <CursorPos X="52" Y="86"/>
        <UsageCount Value="62"/>
        <DefaultSyntaxHighlighter Value="Delphi"/>
      </Unit9>
      <Unit10>
        <Filename Value="units\uConfig.pas"/>
        <UnitName Value="uConfig"/>
        <WindowIndex Value="0"/>
        <TopLine Value="1"/>
        <CursorPos X="26" Y="3"/>
        <UsageCount Value="7"/>
        <DefaultSyntaxHighlighter Value="Delphi"/>
      </Unit10>
      <Unit11>
        <Filename Value="..\lib\Dependencies\Vampyre\ImagingOpenGL.pas"/>
        <UnitName Value="ImagingOpenGL"/>
        <WindowIndex Value="0"/>
        <TopLine Value="277"/>
        <CursorPos X="5" Y="295"/>
        <UsageCount Value="7"/>
        <DefaultSyntaxHighlighter Value="Delphi"/>
      </Unit11>
      <Unit12>
        <Filename Value="..\lib\ElysionLogger.pas"/>
        <UnitName Value="ElysionLogger"/>
        <WindowIndex Value="0"/>
        <TopLine Value="327"/>
        <CursorPos X="161" Y="359"/>
        <UsageCount Value="89"/>
        <DefaultSyntaxHighlighter Value="Delphi"/>
      </Unit12>
      <Unit13>
        <Filename Value="..\lib\ElysionObject.pas"/>
        <UnitName Value="ElysionObject"/>
        <WindowIndex Value="0"/>
        <TopLine Value="92"/>
        <CursorPos X="57" Y="121"/>
        <UsageCount Value="89"/>
        <DefaultSyntaxHighlighter Value="Delphi"/>
      </Unit13>
      <Unit14>
        <Filename Value="..\lib\ElysionApplication.pas"/>
        <UnitName Value="ElysionApplication"/>
        <WindowIndex Value="0"/>
        <TopLine Value="42"/>
        <CursorPos X="5" Y="43"/>
        <UsageCount Value="89"/>
        <DefaultSyntaxHighlighter Value="Delphi"/>
      </Unit14>
      <Unit15>
        <Filename Value="..\lib\ElysionTypes.pas"/>
        <UnitName Value="ElysionTypes"/>
        <WindowIndex Value="0"/>
        <TopLine Value="459"/>
        <CursorPos X="15" Y="496"/>
        <UsageCount Value="89"/>
        <DefaultSyntaxHighlighter Value="Delphi"/>
      </Unit15>
      <Unit16>
        <Filename Value="..\lib\ElysionTimer.pas"/>
        <UnitName Value="ElysionTimer"/>
        <WindowIndex Value="0"/>
        <TopLine Value="1"/>
        <CursorPos X="17" Y="14"/>
        <UsageCount Value="91"/>
        <DefaultSyntaxHighlighter Value="Delphi"/>
      </Unit16>
      <Unit17>
        <Filename Value="..\lib\ElysionColors.pas"/>
        <UnitName Value="ElysionColors"/>
        <WindowIndex Value="0"/>
        <TopLine Value="1"/>
        <CursorPos X="89" Y="188"/>
        <UsageCount Value="36"/>
        <DefaultSyntaxHighlighter Value="Delphi"/>
      </Unit17>
      <Unit18>
        <Filename Value="..\lib\ElysionContent.pas"/>
        <UnitName Value="ElysionContent"/>
        <WindowIndex Value="0"/>
        <TopLine Value="61"/>
        <CursorPos X="105" Y="75"/>
        <UsageCount Value="91"/>
        <DefaultSyntaxHighlighter Value="Delphi"/>
      </Unit18>
      <Unit19>
        <Filename Value="..\lib\ElysionAudio.pas"/>
        <UnitName Value="ElysionAudio"/>
        <WindowIndex Value="0"/>
        <TopLine Value="2"/>
        <CursorPos X="16" Y="14"/>
        <UsageCount Value="89"/>
        <DefaultSyntaxHighlighter Value="Delphi"/>
      </Unit19>
      <Unit20>
        <Filename Value="..\lib\ElysionGraphics.pas"/>
        <UnitName Value="ElysionGraphics"/>
        <WindowIndex Value="0"/>
        <TopLine Value="15"/>
        <CursorPos X="28" Y="35"/>
        <UsageCount Value="89"/>
        <DefaultSyntaxHighlighter Value="Delphi"/>
      </Unit20>
      <Unit21>
        <Filename Value="..\lib\ElysionTextures.pas"/>
        <UnitName Value="ElysionTextures"/>
        <WindowIndex Value="0"/>
        <TopLine Value="1"/>
        <CursorPos X="25" Y="15"/>
        <UsageCount Value="57"/>
        <DefaultSyntaxHighlighter Value="Delphi"/>
      </Unit21>
      <Unit22>
        <Filename Value="..\lib\ElysionBitmapFonts.pas"/>
        <UnitName Value="ElysionBitmapFonts"/>
        <WindowIndex Value="0"/>
        <TopLine Value="78"/>
        <CursorPos X="9" Y="144"/>
        <UsageCount Value="49"/>
        <DefaultSyntaxHighlighter Value="Delphi"/>
      </Unit22>
      <Unit23>
        <Filename Value="..\lib\ElysionTrueTypeFonts.pas"/>
        <UnitName Value="ElysionTrueTypeFonts"/>
        <WindowIndex Value="0"/>
        <TopLine Value="1"/>
        <CursorPos X="69" Y="31"/>
        <UsageCount Value="62"/>
        <DefaultSyntaxHighlighter Value="Delphi"/>
      </Unit23>
      <Unit24>
        <Filename Value="..\lib\ElysionNode.pas"/>
        <UnitName Value="ElysionNode"/>
        <WindowIndex Value="0"/>
        <TopLine Value="1063"/>
        <CursorPos X="20" Y="13"/>
        <UsageCount Value="93"/>
        <DefaultSyntaxHighlighter Value="Delphi"/>
      </Unit24>
      <Unit25>
        <Filename Value="..\lib\ElysionGUI.pas"/>
        <UnitName Value="ElysionGUI"/>
        <WindowIndex Value="0"/>
        <TopLine Value="1"/>
        <CursorPos X="20" Y="20"/>
        <UsageCount Value="90"/>
        <DefaultSyntaxHighlighter Value="Delphi"/>
      </Unit25>
      <Unit26>
        <Filename Value="..\lib\ElysionInput.pas"/>
        <UnitName Value="ElysionInput"/>
        <WindowIndex Value="0"/>
        <TopLine Value="5"/>
        <CursorPos X="156" Y="14"/>
        <UsageCount Value="91"/>
        <DefaultSyntaxHighlighter Value="Delphi"/>
      </Unit26>
      <Unit27>
        <Filename Value="..\lib\ElysionUtils.pas"/>
        <UnitName Value="ElysionUtils"/>
        <WindowIndex Value="0"/>
        <TopLine Value="197"/>
        <CursorPos X="61" Y="210"/>
        <UsageCount Value="89"/>
        <DefaultSyntaxHighlighter Value="Delphi"/>
      </Unit27>
      <Unit28>
        <Filename Value="..\lib\ElysionStage.pas"/>
        <UnitName Value="ElysionStage"/>
        <WindowIndex Value="0"/>
        <TopLine Value="16"/>
        <CursorPos X="46" Y="6"/>
        <UsageCount Value="62"/>
        <DefaultSyntaxHighlighter Value="Delphi"/>
      </Unit28>
      <Unit29>
        <Filename Value="..\lib\Dependencies\SDL\SDLTextures.pas"/>
        <UnitName Value="SDLTextures"/>
        <WindowIndex Value="0"/>
        <TopLine Value="35"/>
        <CursorPos X="3" Y="61"/>
        <UsageCount Value="42"/>
        <DefaultSyntaxHighlighter Value="Delphi"/>
      </Unit29>
      <Unit30>
        <Filename Value="..\lib\FileUtility.pas"/>
        <UnitName Value="FileUtility"/>
        <WindowIndex Value="0"/>
        <TopLine Value="73"/>
        <CursorPos X="65" Y="98"/>
        <UsageCount Value="41"/>
        <DefaultSyntaxHighlighter Value="Delphi"/>
      </Unit30>
      <Unit31>
        <Filename Value="..\lib\ElysionInterfaces.pas"/>
        <UnitName Value="ElysionInterfaces"/>
        <WindowIndex Value="0"/>
        <TopLine Value="1"/>
        <CursorPos X="20" Y="10"/>
        <UsageCount Value="92"/>
        <DefaultSyntaxHighlighter Value="Delphi"/>
      </Unit31>
      <Unit32>
        <Filename Value="..\lib\ElysionGameUtils.pas"/>
        <UnitName Value="ElysionGameUtils"/>
        <WindowIndex Value="0"/>
        <TopLine Value="1"/>
        <CursorPos X="15" Y="93"/>
        <UsageCount Value="89"/>
        <DefaultSyntaxHighlighter Value="Delphi"/>
      </Unit32>
      <Unit33>
        <Filename Value="..\lib\Elysion.inc"/>
        <WindowIndex Value="0"/>
        <TopLine Value="1"/>
        <CursorPos X="2" Y="11"/>
        <UsageCount Value="97"/>
        <DefaultSyntaxHighlighter Value="Delphi"/>
      </Unit33>
      <Unit34>
        <Filename Value="..\lib\ElysionUsers.pas"/>
        <UnitName Value="ElysionUsers"/>
        <WindowIndex Value="0"/>
        <TopLine Value="12"/>
        <CursorPos X="10" Y="10"/>
        <UsageCount Value="57"/>
        <DefaultSyntaxHighlighter Value="Delphi"/>
      </Unit34>
      <Unit35>
        <Filename Value="..\lib\ElysionMath.pas"/>
        <UnitName Value="ElysionMath"/>
        <WindowIndex Value="0"/>
        <TopLine Value="1"/>
        <CursorPos X="96" Y="39"/>
        <UsageCount Value="92"/>
        <DefaultSyntaxHighlighter Value="Delphi"/>
      </Unit35>
      <Unit36>
        <Filename Value="..\lib\ElysionAnimator.pas"/>
        <UnitName Value="ElysionAnimator"/>
        <WindowIndex Value="0"/>
        <TopLine Value="11"/>
        <CursorPos X="14" Y="19"/>
        <UsageCount Value="90"/>
        <DefaultSyntaxHighlighter Value="Delphi"/>
      </Unit36>
      <Unit37>
        <Filename Value="..\lib\ResourceMap.pas"/>
        <UnitName Value="ResourceMap"/>
        <WindowIndex Value="0"/>
        <TopLine Value="14"/>
        <CursorPos X="1" Y="1"/>
        <UsageCount Value="92"/>
        <DefaultSyntaxHighlighter Value="Delphi"/>
      </Unit37>
      <Unit38>
        <Filename Value="..\lib\ElysionNetwork.pas"/>
        <UnitName Value="ElysionNetwork"/>
        <WindowIndex Value="0"/>
        <TopLine Value="1"/>
        <CursorPos X="15" Y="16"/>
        <UsageCount Value="90"/>
        <DefaultSyntaxHighlighter Value="Delphi"/>
      </Unit38>
      <Unit39>
        <Filename Value="units\uObjects.pas"/>
        <UnitName Value="uObjects"/>
        <WindowIndex Value="0"/>
        <TopLine Value="1"/>
        <CursorPos X="55" Y="1"/>
        <UsageCount Value="69"/>
        <DefaultSyntaxHighlighter Value="Delphi"/>
      </Unit39>
      <Unit40>
        <Filename Value="units\uCrate.pas"/>
        <UnitName Value="uCrate"/>
        <WindowIndex Value="0"/>
        <TopLine Value="178"/>
        <CursorPos X="19" Y="201"/>
        <UsageCount Value="63"/>
        <DefaultSyntaxHighlighter Value="Delphi"/>
      </Unit40>
      <Unit41>
        <Filename Value="units\uCredits.pas"/>
        <UnitName Value="uCredits"/>
        <EditorIndex Value="8"/>
        <WindowIndex Value="0"/>
        <TopLine Value="1"/>
        <CursorPos X="32" Y="86"/>
        <UsageCount Value="101"/>
        <Loaded Value="True"/>
        <DefaultSyntaxHighlighter Value="Delphi"/>
      </Unit41>
      <Unit42>
        <Filename Value="..\lib\ElysionStorage.pas"/>
        <UnitName Value="ElysionStorage"/>
        <WindowIndex Value="0"/>
        <TopLine Value="7"/>
        <CursorPos X="18" Y="24"/>
        <UsageCount Value="100"/>
        <DefaultSyntaxHighlighter Value="Delphi"/>
      </Unit42>
      <Unit43>
        <Filename Value="..\lib\OpenURLUtil.pas"/>
        <UnitName Value="OpenURLUtil"/>
        <WindowIndex Value="0"/>
        <TopLine Value="1"/>
        <CursorPos X="15" Y="22"/>
        <UsageCount Value="90"/>
        <DefaultSyntaxHighlighter Value="Delphi"/>
      </Unit43>
      <Unit44>
        <Filename Value="C:\lazarus\fpc\2.4.3\source\rtl\win32\system.pp"/>
        <UnitName Value="System"/>
        <WindowIndex Value="0"/>
        <TopLine Value="13"/>
        <CursorPos X="2" Y="37"/>
        <UsageCount Value="31"/>
      </Unit44>
      <Unit45>
        <Filename Value="C:\lazarus\fpc\2.4.3\source\rtl\win\sysutils.pp"/>
        <UnitName Value="sysutils"/>
        <WindowIndex Value="0"/>
        <TopLine Value="21"/>
        <CursorPos X="3" Y="47"/>
        <UsageCount Value="17"/>
      </Unit45>
      <Unit46>
        <Filename Value="..\lib\ElysionAssets.pas"/>
        <UnitName Value="ElysionAssets"/>
        <WindowIndex Value="0"/>
        <TopLine Value="1"/>
        <CursorPos X="1" Y="35"/>
        <UsageCount Value="89"/>
        <DefaultSyntaxHighlighter Value="Delphi"/>
      </Unit46>
      <Unit47>
        <Filename Value="..\lib\ElysionTrueTypeFont.pas"/>
        <UnitName Value="ElysionTrueTypeFont"/>
        <WindowIndex Value="0"/>
        <TopLine Value="327"/>
        <CursorPos X="33" Y="347"/>
        <UsageCount Value="91"/>
        <DefaultSyntaxHighlighter Value="Delphi"/>
      </Unit47>
      <Unit48>
        <Filename Value="units\uOptions.pas"/>
        <UnitName Value="uOptions"/>
        <EditorIndex Value="28"/>
        <WindowIndex Value="0"/>
        <TopLine Value="1"/>
        <CursorPos X="46" Y="71"/>
        <UsageCount Value="119"/>
        <Loaded Value="True"/>
        <DefaultSyntaxHighlighter Value="Delphi"/>
      </Unit48>
      <Unit49>
        <Filename Value="..\lib\ElysionBitmapFont.pas"/>
        <UnitName Value="ElysionBitmapFont"/>
        <WindowIndex Value="0"/>
        <TopLine Value="220"/>
        <CursorPos X="95" Y="228"/>
        <UsageCount Value="94"/>
        <DefaultSyntaxHighlighter Value="Delphi"/>
      </Unit49>
      <Unit50>
        <Filename Value="..\lib\Dependencies\SDL\sfont.pas"/>
        <UnitName Value="sfont"/>
        <WindowIndex Value="0"/>
        <TopLine Value="364"/>
        <CursorPos X="23" Y="371"/>
        <UsageCount Value="10"/>
        <DefaultSyntaxHighlighter Value="Delphi"/>
      </Unit50>
      <Unit51>
        <Filename Value="..\lib\ElysionScene.pas"/>
        <UnitName Value="ElysionScene"/>
        <WindowIndex Value="0"/>
        <TopLine Value="351"/>
        <CursorPos X="29" Y="375"/>
        <UsageCount Value="89"/>
        <DefaultSyntaxHighlighter Value="Delphi"/>
      </Unit51>
      <Unit52>
        <Filename Value="..\lib\Dependencies\Vampyre\ImagingFormats.pas"/>
        <UnitName Value="ImagingFormats"/>
        <WindowIndex Value="0"/>
        <TopLine Value="802"/>
        <CursorPos X="1" Y="829"/>
        <UsageCount Value="20"/>
        <DefaultSyntaxHighlighter Value="Delphi"/>
      </Unit52>
      <Unit53>
        <Filename Value="..\lib\ElysionLayer.pas"/>
        <UnitName Value="ElysionLayer"/>
        <WindowIndex Value="0"/>
        <TopLine Value="1"/>
        <CursorPos X="1" Y="19"/>
        <UsageCount Value="12"/>
        <DefaultSyntaxHighlighter Value="Delphi"/>
      </Unit53>
      <Unit54>
        <Filename Value="..\lib\ElysionCamera.pas"/>
        <UnitName Value="ElysionCamera"/>
        <WindowIndex Value="0"/>
        <TopLine Value="92"/>
        <CursorPos X="71" Y="71"/>
        <UsageCount Value="16"/>
        <DefaultSyntaxHighlighter Value="Delphi"/>
      </Unit54>
      <Unit55>
        <Filename Value="Y:\Library\Caches\TemporaryItems\BetterZip Temporary Folder (0026b0e06908, 2011-07-16 14:26:46 +0200)\BetterZip Temporary Folder (0026b0e06908, )\lib\ElysionFoundation\Physics\ElysionCameraPhysics.pas"/>
        <UnitName Value="ElysionCameraPhysics"/>
        <WindowIndex Value="0"/>
        <TopLine Value="1"/>
        <CursorPos X="1" Y="1"/>
        <UsageCount Value="9"/>
        <DefaultSyntaxHighlighter Value="Delphi"/>
      </Unit55>
      <Unit56>
        <Filename Value="..\lib\ElysionKeyCode.pas"/>
        <UnitName Value="ElysionKeyCode"/>
        <WindowIndex Value="0"/>
        <TopLine Value="43"/>
        <CursorPos X="1" Y="1"/>
        <UsageCount Value="10"/>
        <DefaultSyntaxHighlighter Value="Delphi"/>
      </Unit56>
      <Unit57>
        <Filename Value="..\lib\ElysionEvents.pas"/>
        <UnitName Value="ElysionEvents"/>
        <WindowIndex Value="0"/>
        <TopLine Value="1"/>
        <CursorPos X="11" Y="6"/>
        <UsageCount Value="10"/>
        <DefaultSyntaxHighlighter Value="Delphi"/>
      </Unit57>
      <Unit58>
        <Filename Value="..\lib\ElysionAnimTypes.pas"/>
        <UnitName Value="ElysionAnimTypes"/>
        <WindowIndex Value="0"/>
        <TopLine Value="1"/>
        <CursorPos X="16" Y="6"/>
        <UsageCount Value="9"/>
        <DefaultSyntaxHighlighter Value="Delphi"/>
      </Unit58>
      <Unit59>
        <Filename Value="..\lib\ElysionBorder.pas"/>
        <UnitName Value="ElysionBorder"/>
        <WindowIndex Value="0"/>
        <TopLine Value="1"/>
        <CursorPos X="16" Y="6"/>
        <UsageCount Value="9"/>
        <DefaultSyntaxHighlighter Value="Delphi"/>
      </Unit59>
      <Unit60>
        <Filename Value="..\lib\ElysionKeyList.pas"/>
        <UnitName Value="ElysionKeyList"/>
        <WindowIndex Value="0"/>
        <TopLine Value="1"/>
        <CursorPos X="11" Y="6"/>
        <UsageCount Value="9"/>
        <DefaultSyntaxHighlighter Value="Delphi"/>
      </Unit60>
      <Unit61>
        <Filename Value="..\lib\Graphics\ElysionGraphics.pas"/>
        <UnitName Value="ElysionGraphics"/>
        <WindowIndex Value="0"/>
        <TopLine Value="153"/>
        <CursorPos X="63" Y="192"/>
        <UsageCount Value="59"/>
        <DefaultSyntaxHighlighter Value="Delphi"/>
      </Unit61>
      <Unit62>
        <Filename Value="..\lib\Graphics\ElysionNode.pas"/>
        <UnitName Value="ElysionNode"/>
        <EditorIndex Value="13"/>
        <WindowIndex Value="0"/>
        <TopLine Value="1109"/>
        <CursorPos X="47" Y="1120"/>
        <UsageCount Value="46"/>
        <Loaded Value="True"/>
        <DefaultSyntaxHighlighter Value="Delphi"/>
      </Unit62>
      <Unit63>
        <Filename Value="..\lib\Graphics\ElysionSprite.pas"/>
        <UnitName Value="ElysionSprite"/>
        <EditorIndex Value="20"/>
        <WindowIndex Value="0"/>
        <TopLine Value="1"/>
        <CursorPos X="25" Y="141"/>
        <UsageCount Value="74"/>
        <Loaded Value="True"/>
        <DefaultSyntaxHighlighter Value="Delphi"/>
      </Unit63>
      <Unit64>
        <Filename Value="..\lib\Foundation\Pipeline\ElysionAssets.pas"/>
        <UnitName Value="ElysionAssets"/>
        <WindowIndex Value="0"/>
        <TopLine Value="1"/>
        <CursorPos X="22" Y="12"/>
        <UsageCount Value="11"/>
        <DefaultSyntaxHighlighter Value="Delphi"/>
      </Unit64>
      <Unit65>
        <Filename Value="..\lib\Graphics\GUI\ElysionMenu.pas"/>
        <UnitName Value="ElysionMenu"/>
        <EditorIndex Value="26"/>
        <WindowIndex Value="0"/>
        <TopLine Value="31"/>
        <CursorPos X="16" Y="11"/>
        <UsageCount Value="25"/>
        <Loaded Value="True"/>
        <DefaultSyntaxHighlighter Value="Delphi"/>
      </Unit65>
      <Unit66>
        <Filename Value="..\lib\Graphics\GUI\ElysionButton.pas"/>
        <UnitName Value="ElysionButton"/>
        <EditorIndex Value="25"/>
        <WindowIndex Value="0"/>
        <TopLine Value="211"/>
        <CursorPos X="11" Y="226"/>
        <UsageCount Value="25"/>
        <Loaded Value="True"/>
        <DefaultSyntaxHighlighter Value="Delphi"/>
      </Unit66>
      <Unit67>
        <Filename Value="..\lib\Graphics\GUI\ElysionLabel.pas"/>
        <UnitName Value="ElysionLabel"/>
        <EditorIndex Value="24"/>
        <WindowIndex Value="0"/>
        <TopLine Value="87"/>
        <CursorPos X="1" Y="99"/>
        <UsageCount Value="25"/>
        <Loaded Value="True"/>
        <DefaultSyntaxHighlighter Value="Delphi"/>
      </Unit67>
      <Unit68>
        <Filename Value="..\lib\Graphics\ElysionCamera.pas"/>
        <UnitName Value="ElysionCamera"/>
        <EditorIndex Value="21"/>
        <WindowIndex Value="0"/>
        <TopLine Value="72"/>
        <CursorPos X="15" Y="49"/>
        <UsageCount Value="29"/>
        <Loaded Value="True"/>
        <DefaultSyntaxHighlighter Value="Delphi"/>
      </Unit68>
      <Unit69>
        <Filename Value="..\lib\Core\ElysionApplication.pas"/>
        <UnitName Value="ElysionApplication"/>
        <EditorIndex Value="10"/>
        <WindowIndex Value="0"/>
        <TopLine Value="1"/>
        <CursorPos X="36" Y="6"/>
        <UsageCount Value="61"/>
        <Loaded Value="True"/>
        <DefaultSyntaxHighlighter Value="Delphi"/>
      </Unit69>
      <Unit70>
        <Filename Value="..\lib\Core\IO\ElysionLogger.pas"/>
        <UnitName Value="ElysionLogger"/>
        <EditorIndex Value="17"/>
        <WindowIndex Value="0"/>
        <TopLine Value="148"/>
        <CursorPos X="32" Y="158"/>
        <UsageCount Value="21"/>
        <Loaded Value="True"/>
        <DefaultSyntaxHighlighter Value="Delphi"/>
      </Unit70>
      <Unit71>
        <Filename Value="..\lib\Core\Base\ElysionObject.pas"/>
        <UnitName Value="ElysionObject"/>
        <EditorIndex Value="11"/>
        <WindowIndex Value="0"/>
        <TopLine Value="33"/>
        <CursorPos X="14" Y="55"/>
        <UsageCount Value="28"/>
        <Loaded Value="True"/>
        <DefaultSyntaxHighlighter Value="Delphi"/>
      </Unit71>
      <Unit72>
        <Filename Value="..\lib\Core\IO\ElysionInput.pas"/>
        <UnitName Value="ElysionInput"/>
        <EditorIndex Value="12"/>
        <WindowIndex Value="0"/>
        <TopLine Value="438"/>
        <CursorPos X="21" Y="452"/>
        <UsageCount Value="17"/>
        <Loaded Value="True"/>
        <DefaultSyntaxHighlighter Value="Delphi"/>
      </Unit72>
      <Unit73>
        <Filename Value="..\lib\Graphics\Fonts\ElysionTrueTypeFont.pas"/>
        <UnitName Value="ElysionTrueTypeFont"/>
        <EditorIndex Value="22"/>
        <WindowIndex Value="0"/>
        <TopLine Value="277"/>
        <CursorPos X="16" Y="291"/>
        <UsageCount Value="21"/>
        <Loaded Value="True"/>
        <DefaultSyntaxHighlighter Value="Delphi"/>
      </Unit73>
      <Unit74>
        <Filename Value="..\lib\Foundation\Audio\ElysionAudio.pas"/>
        <UnitName Value="ElysionAudio"/>
        <EditorIndex Value="23"/>
        <WindowIndex Value="0"/>
        <TopLine Value="70"/>
        <CursorPos X="20" Y="10"/>
        <UsageCount Value="21"/>
        <Loaded Value="True"/>
        <DefaultSyntaxHighlighter Value="Delphi"/>
      </Unit74>
      <Unit75>
        <Filename Value="..\lib\Foundation\Pipeline\ElysionStorage.pas"/>
        <UnitName Value="ElysionStorage"/>
        <EditorIndex Value="1"/>
        <WindowIndex Value="0"/>
        <TopLine Value="20"/>
        <CursorPos X="6" Y="102"/>
        <UsageCount Value="17"/>
        <Loaded Value="True"/>
        <DefaultSyntaxHighlighter Value="Delphi"/>
      </Unit75>
      <Unit76>
        <Filename Value="..\lib\Core\Base\ElysionTypes.pas"/>
        <UnitName Value="ElysionTypes"/>
        <WindowIndex Value="0"/>
        <TopLine Value="417"/>
        <CursorPos X="45" Y="432"/>
        <UsageCount Value="63"/>
        <DefaultSyntaxHighlighter Value="Delphi"/>
      </Unit76>
      <Unit77>
        <Filename Value="..\lib\Foundation\Scene\ElysionScene.pas"/>
        <UnitName Value="ElysionScene"/>
        <EditorIndex Value="2"/>
        <WindowIndex Value="0"/>
        <TopLine Value="70"/>
        <CursorPos X="10" Y="17"/>
        <UsageCount Value="31"/>
        <Loaded Value="True"/>
        <DefaultSyntaxHighlighter Value="Delphi"/>
      </Unit77>
      <Unit78>
        <Filename Value="..\lib\Foundation\ElysionEntity.pas"/>
        <UnitName Value="ElysionEntity"/>
        <WindowIndex Value="0"/>
        <TopLine Value="1"/>
        <CursorPos X="48" Y="82"/>
        <UsageCount Value="21"/>
        <DefaultSyntaxHighlighter Value="Delphi"/>
      </Unit78>
      <Unit79>
        <Filename Value="..\lib\Core\Base\ElysionInterfaces.pas"/>
        <UnitName Value="ElysionInterfaces"/>
        <WindowIndex Value="0"/>
        <TopLine Value="66"/>
        <CursorPos X="47" Y="89"/>
        <UsageCount Value="35"/>
        <DefaultSyntaxHighlighter Value="Delphi"/>
      </Unit79>
      <Unit80>
        <Filename Value="..\lib\Foundation\ElysionGame.pas"/>
        <UnitName Value="ElysionGame"/>
        <EditorIndex Value="19"/>
        <WindowIndex Value="0"/>
        <TopLine Value="25"/>
        <CursorPos X="15" Y="169"/>
        <UsageCount Value="30"/>
        <Loaded Value="True"/>
        <DefaultSyntaxHighlighter Value="Delphi"/>
      </Unit80>
      <Unit81>
        <Filename Value="..\lib\Core\ElysionUtils.pas"/>
        <UnitName Value="ElysionUtils"/>
        <EditorIndex Value="18"/>
        <WindowIndex Value="0"/>
        <TopLine Value="40"/>
        <CursorPos X="97" Y="91"/>
        <UsageCount Value="20"/>
        <Loaded Value="True"/>
        <DefaultSyntaxHighlighter Value="Delphi"/>
      </Unit81>
      <Unit82>
        <Filename Value="..\lib\Foundation\Animations\ElysionAnimator.pas"/>
        <UnitName Value="ElysionAnimator"/>
        <WindowIndex Value="0"/>
        <TopLine Value="373"/>
        <CursorPos X="66" Y="393"/>
        <UsageCount Value="22"/>
        <DefaultSyntaxHighlighter Value="Delphi"/>
      </Unit82>
      <Unit83>
        <Filename Value="..\lib\Graphics\Textures\ElysionTexture.pas"/>
        <UnitName Value="ElysionTexture"/>
        <EditorIndex Value="9"/>
        <WindowIndex Value="0"/>
        <TopLine Value="15"/>
        <CursorPos X="30" Y="130"/>
        <UsageCount Value="25"/>
        <Loaded Value="True"/>
        <DefaultSyntaxHighlighter Value="Delphi"/>
      </Unit83>
      <Unit84>
        <Filename Value="..\lib\Graphics\Textures\ElysionTextureAtlas.pas"/>
        <UnitName Value="ElysionTextureAtlas"/>
        <WindowIndex Value="0"/>
        <TopLine Value="37"/>
        <CursorPos X="13" Y="62"/>
        <UsageCount Value="2"/>
        <DefaultSyntaxHighlighter Value="Delphi"/>
      </Unit84>
      <Unit85>
        <Filename Value="units\uWorld.pas"/>
        <IsPartOfProject Value="True"/>
        <UnitName Value="uWorld"/>
        <EditorIndex Value="3"/>
        <WindowIndex Value="0"/>
        <TopLine Value="10"/>
        <CursorPos X="64" Y="22"/>
        <UsageCount Value="135"/>
        <Loaded Value="True"/>
        <DefaultSyntaxHighlighter Value="Delphi"/>
      </Unit85>
      <Unit86>
        <Filename Value="..\lib\Dependencies\SDL\sdlutils.pas"/>
        <UnitName Value="sdlutils"/>
        <WindowIndex Value="0"/>
        <TopLine Value="2181"/>
        <CursorPos X="6" Y="2192"/>
        <UsageCount Value="21"/>
        <DefaultSyntaxHighlighter Value="Delphi"/>
      </Unit86>
      <Unit87>
        <Filename Value="..\lib\Graphics\ElysionSpriteSheet.pas"/>
        <UnitName Value="ElysionSpriteSheet"/>
        <WindowIndex Value="0"/>
        <TopLine Value="243"/>
        <CursorPos X="26" Y="296"/>
        <UsageCount Value="41"/>
        <DefaultSyntaxHighlighter Value="Delphi"/>
      </Unit87>
      <Unit88>
        <Filename Value="..\lib\Graphics\GUI\ElysionGUI.pas"/>
        <UnitName Value="ElysionGUI"/>
        <EditorIndex Value="27"/>
        <WindowIndex Value="0"/>
        <TopLine Value="332"/>
        <CursorPos X="14" Y="346"/>
        <UsageCount Value="54"/>
        <Loaded Value="True"/>
        <DefaultSyntaxHighlighter Value="Delphi"/>
      </Unit88>
      <Unit89>
        <Filename Value="..\lib\Dependencies\SDL\sdl.pas"/>
        <UnitName Value="sdl"/>
        <WindowIndex Value="0"/>
        <TopLine Value="2067"/>
        <CursorPos X="5" Y="2075"/>
        <UsageCount Value="13"/>
        <DefaultSyntaxHighlighter Value="Delphi"/>
      </Unit89>
      <Unit90>
        <Filename Value="..\lib\Core\IO\ElysionTimer.pas"/>
        <UnitName Value="ElysionTimer"/>
        <WindowIndex Value="0"/>
        <TopLine Value="1"/>
        <CursorPos X="43" Y="71"/>
        <UsageCount Value="10"/>
        <DefaultSyntaxHighlighter Value="Delphi"/>
      </Unit90>
      <Unit91>
        <Filename Value="..\lib\Graphics\ElysionMovingSprite.pas"/>
        <UnitName Value="ElysionMovingSprite"/>
        <WindowIndex Value="0"/>
        <TopLine Value="1"/>
        <CursorPos X="32" Y="14"/>
        <UsageCount Value="20"/>
        <DefaultSyntaxHighlighter Value="Delphi"/>
      </Unit91>
      <Unit92>
        <Filename Value="..\lib\Foundation\Animations\ElysionAnimTypes.pas"/>
        <UnitName Value="ElysionAnimTypes"/>
        <WindowIndex Value="0"/>
        <TopLine Value="10"/>
        <CursorPos X="32" Y="24"/>
        <UsageCount Value="9"/>
        <DefaultSyntaxHighlighter Value="Delphi"/>
      </Unit92>
      <Unit93>
        <Filename Value="..\lib\Graphics\GUI\ElysionLayer.pas"/>
        <UnitName Value="ElysionLayer"/>
        <WindowIndex Value="0"/>
        <TopLine Value="264"/>
        <CursorPos X="47" Y="286"/>
        <UsageCount Value="17"/>
        <DefaultSyntaxHighlighter Value="Delphi"/>
      </Unit93>
      <Unit94>
        <Filename Value="..\lib\Graphics\ElysionParallaxSprite.pas"/>
        <UnitName Value="ElysionParallaxSprite"/>
        <WindowIndex Value="0"/>
        <TopLine Value="118"/>
        <CursorPos X="18" Y="137"/>
        <UsageCount Value="17"/>
        <DefaultSyntaxHighlighter Value="Delphi"/>
      </Unit94>
      <Unit95>
        <Filename Value="..\lib\Graphics\ElysionGraphicsOpenGL.pas"/>
        <UnitName Value="ElysionGraphicsOpenGL"/>
        <WindowIndex Value="0"/>
        <TopLine Value="1"/>
        <CursorPos X="59" Y="11"/>
        <UsageCount Value="16"/>
        <DefaultSyntaxHighlighter Value="Delphi"/>
      </Unit95>
      <Unit96>
        <Filename Value="..\lib\Core\Providers\ElysionGraphicsProvider.pas"/>
        <UnitName Value="ElysionGraphicsProvider"/>
        <WindowIndex Value="0"/>
        <TopLine Value="1"/>
        <CursorPos X="24" Y="10"/>
        <UsageCount Value="16"/>
        <DefaultSyntaxHighlighter Value="Delphi"/>
      </Unit96>
      <Unit97>
        <Filename Value="D:\usr\local\share\fpcsrc\rtl\objpas\types.pp"/>
        <UnitName Value="types"/>
        <WindowIndex Value="0"/>
        <TopLine Value="106"/>
        <CursorPos X="1" Y="1"/>
        <UsageCount Value="6"/>
        <DefaultSyntaxHighlighter Value="Delphi"/>
      </Unit97>
      <Unit98>
        <Filename Value="..\lib\Dependencies\SDL\jedi-sdl.inc"/>
        <WindowIndex Value="0"/>
        <TopLine Value="431"/>
        <CursorPos X="33" Y="333"/>
        <UsageCount Value="6"/>
        <DefaultSyntaxHighlighter Value="Delphi"/>
      </Unit98>
      <Unit99>
        <Filename Value="D:\usr\local\share\fpcsrc\packages\pthreads\src\pthreads.pp"/>
        <UnitName Value="pthreads"/>
        <WindowIndex Value="0"/>
        <TopLine Value="24"/>
        <CursorPos X="1" Y="1"/>
        <UsageCount Value="6"/>
        <DefaultSyntaxHighlighter Value="Delphi"/>
      </Unit99>
      <Unit100>
        <Filename Value="..\lib\Dependencies\Vampyre\ImagingExtras.pas"/>
        <UnitName Value="ImagingExtras"/>
        <WindowIndex Value="0"/>
        <TopLine Value="23"/>
        <CursorPos X="70" Y="28"/>
        <UsageCount Value="11"/>
        <DefaultSyntaxHighlighter Value="Delphi"/>
      </Unit100>
      <Unit101>
        <Filename Value="..\lib\Dependencies\Vampyre\ImagingPcx.pas"/>
        <UnitName Value="ImagingPcx"/>
        <WindowIndex Value="0"/>
        <TopLine Value="1"/>
        <CursorPos X="13" Y="31"/>
        <UsageCount Value="11"/>
        <DefaultSyntaxHighlighter Value="Delphi"/>
      </Unit101>
      <Unit102>
        <Filename Value="..\lib\Dependencies\Vampyre\ImagingOptions.inc"/>
        <WindowIndex Value="0"/>
        <TopLine Value="6"/>
        <CursorPos X="1" Y="1"/>
        <UsageCount Value="11"/>
        <DefaultSyntaxHighlighter Value="Delphi"/>
      </Unit102>
      <Unit103>
        <Filename Value="..\lib\Dependencies\Vampyre\ImagingJpeg.pas"/>
        <UnitName Value="ImagingJpeg"/>
        <WindowIndex Value="0"/>
        <TopLine Value="31"/>
        <CursorPos X="67" Y="36"/>
        <UsageCount Value="11"/>
        <DefaultSyntaxHighlighter Value="Delphi"/>
      </Unit103>
      <Unit104>
        <Filename Value="..\lib\Dependencies\Vampyre\ImagingJpeg2000.pas"/>
        <UnitName Value="ImagingJpeg2000"/>
        <WindowIndex Value="0"/>
        <TopLine Value="16"/>
        <CursorPos X="14" Y="31"/>
        <UsageCount Value="11"/>
        <DefaultSyntaxHighlighter Value="Delphi"/>
      </Unit104>
      <Unit105>
        <Filename Value="..\lib\Dependencies\SDL\sdlutilslight.pas"/>
        <UnitName Value="sdlutilslight"/>
        <WindowIndex Value="0"/>
        <TopLine Value="52"/>
        <CursorPos X="26" Y="84"/>
        <UsageCount Value="13"/>
        <DefaultSyntaxHighlighter Value="Delphi"/>
      </Unit105>
      <Unit106>
        <Filename Value="C:\usr\local\share\fpcsrc\rtl\inc\systemh.inc"/>
        <WindowIndex Value="0"/>
        <TopLine Value="235"/>
        <CursorPos X="3" Y="245"/>
        <UsageCount Value="8"/>
        <DefaultSyntaxHighlighter Value="Delphi"/>
      </Unit106>
      <Unit107>
        <Filename Value="..\lib\Core\Base\ElysionConst.pas"/>
        <UnitName Value="ElysionConst"/>
        <EditorIndex Value="14"/>
        <WindowIndex Value="0"/>
        <TopLine Value="1"/>
        <CursorPos X="25" Y="12"/>
        <UsageCount Value="11"/>
        <Loaded Value="True"/>
        <DefaultSyntaxHighlighter Value="Delphi"/>
      </Unit107>
      <Unit108>
        <Filename Value="..\lib\Core\Base\ElysionShadow.pas"/>
        <UnitName Value="ElysionShadow"/>
        <EditorIndex Value="16"/>
        <WindowIndex Value="0"/>
        <TopLine Value="1"/>
        <CursorPos X="47" Y="14"/>
        <UsageCount Value="17"/>
        <Loaded Value="True"/>
        <DefaultSyntaxHighlighter Value="Delphi"/>
      </Unit108>
      <Unit109>
        <Filename Value="..\lib\Core\ElysionKeyList.pas"/>
        <UnitName Value="ElysionKeyList"/>
        <WindowIndex Value="0"/>
        <TopLine Value="1"/>
        <CursorPos X="20" Y="15"/>
        <UsageCount Value="9"/>
        <DefaultSyntaxHighlighter Value="Delphi"/>
      </Unit109>
      <Unit110>
        <Filename Value="..\lib\Dependencies\Vampyre\ImagingNetworkGraphics.pas"/>
        <UnitName Value="ImagingNetworkGraphics"/>
        <WindowIndex Value="0"/>
        <TopLine Value="1"/>
        <CursorPos X="45" Y="48"/>
        <UsageCount Value="10"/>
        <DefaultSyntaxHighlighter Value="Delphi"/>
      </Unit110>
      <Unit111>
        <Filename Value="units\uVersionHandler.pas"/>
        <UnitName Value="uVersionHandler"/>
        <EditorIndex Value="15"/>
        <WindowIndex Value="0"/>
        <TopLine Value="40"/>
        <CursorPos X="1" Y="1"/>
        <UsageCount Value="11"/>
        <Loaded Value="True"/>
        <DefaultSyntaxHighlighter Value="Delphi"/>
      </Unit111>
    </Units>
    <JumpHistory Count="30" HistoryIndex="29">
      <Position1>
        <Filename Value="..\lib\Core\ElysionApplication.pas"/>
        <Caret Line="796" Column="8" TopLine="782"/>
      </Position1>
      <Position2>
        <Filename Value="..\lib\Core\ElysionApplication.pas"/>
        <Caret Line="441" Column="18" TopLine="429"/>
      </Position2>
      <Position3>
        <Filename Value="..\lib\Core\ElysionApplication.pas"/>
        <Caret Line="440" Column="26" TopLine="427"/>
      </Position3>
      <Position4>
        <Filename Value="..\lib\Core\IO\ElysionInput.pas"/>
        <Caret Line="1230" Column="7" TopLine="1216"/>
      </Position4>
      <Position5>
        <Filename Value="..\lib\Core\IO\ElysionInput.pas"/>
        <Caret Line="17" Column="18" TopLine="1"/>
      </Position5>
      <Position6>
        <Filename Value="..\lib\Graphics\ElysionSprite.pas"/>
        <Caret Line="392" Column="26" TopLine="378"/>
      </Position6>
      <Position7>
        <Filename Value="..\lib\Graphics\ElysionCamera.pas"/>
        <Caret Line="110" Column="42" TopLine="87"/>
      </Position7>
      <Position8>
        <Filename Value="units\uGame.pas"/>
        <Caret Line="139" Column="21" TopLine="125"/>
      </Position8>
      <Position9>
        <Filename Value="..\lib\Graphics\Textures\ElysionTexture.pas"/>
        <Caret Line="138" Column="1" TopLine="124"/>
      </Position9>
      <Position10>
        <Filename Value="..\lib\Core\IO\ElysionLogger.pas"/>
        <Caret Line="1" Column="1" TopLine="1"/>
      </Position10>
      <Position11>
        <Filename Value="..\lib\Graphics\Textures\ElysionTexture.pas"/>
        <Caret Line="131" Column="35" TopLine="124"/>
      </Position11>
      <Position12>
        <Filename Value="units\uGame.pas"/>
        <Caret Line="160" Column="32" TopLine="137"/>
      </Position12>
      <Position13>
        <Filename Value="units\uGame.pas"/>
        <Caret Line="191" Column="110" TopLine="12"/>
      </Position13>
      <Position14>
        <Filename Value="..\lib\Foundation\ElysionGame.pas"/>
        <Caret Line="169" Column="15" TopLine="147"/>
      </Position14>
      <Position15>
        <Filename Value="..\lib\Foundation\Scene\ElysionScene.pas"/>
        <Caret Line="17" Column="10" TopLine="1"/>
      </Position15>
      <Position16>
        <Filename Value="..\lib\Graphics\ElysionNode.pas"/>
        <Caret Line="207" Column="55" TopLine="180"/>
      </Position16>
      <Position17>
        <Filename Value="..\lib\Graphics\ElysionNode.pas"/>
        <Caret Line="325" Column="46" TopLine="319"/>
      </Position17>
      <Position18>
        <Filename Value="..\lib\Graphics\ElysionNode.pas"/>
        <Caret Line="515" Column="5" TopLine="442"/>
      </Position18>
      <Position19>
        <Filename Value="..\lib\Graphics\ElysionNode.pas"/>
        <Caret Line="393" Column="16" TopLine="373"/>
      </Position19>
      <Position20>
        <Filename Value="..\lib\Graphics\ElysionNode.pas"/>
        <Caret Line="370" Column="15" TopLine="359"/>
      </Position20>
      <Position21>
        <Filename Value="..\lib\Graphics\ElysionNode.pas"/>
        <Caret Line="215" Column="16" TopLine="194"/>
      </Position21>
      <Position22>
        <Filename Value="..\lib\Core\IO\ElysionLogger.pas"/>
        <Caret Line="14" Column="115" TopLine="1"/>
      </Position22>
      <Position23>
        <Filename Value="..\lib\Core\IO\ElysionLogger.pas"/>
        <Caret Line="207" Column="228" TopLine="132"/>
      </Position23>
      <Position24>
        <Filename Value="..\lib\Core\Base\ElysionConst.pas"/>
        <Caret Line="21" Column="40" TopLine="1"/>
      </Position24>
      <Position25>
        <Filename Value="..\lib\Core\IO\ElysionLogger.pas"/>
        <Caret Line="212" Column="121" TopLine="2"/>
      </Position25>
      <Position26>
        <Filename Value="units\uGame.pas"/>
        <Caret Line="191" Column="110" TopLine="12"/>
      </Position26>
      <Position27>
        <Filename Value="..\lib\Core\IO\ElysionLogger.pas"/>
        <Caret Line="212" Column="121" TopLine="1"/>
      </Position27>
      <Position28>
        <Filename Value="units\uMainMenu.pas"/>
        <Caret Line="61" Column="23" TopLine="28"/>
      </Position28>
      <Position29>
        <Filename Value="..\lib\Core\ElysionUtils.pas"/>
        <Caret Line="84" Column="72" TopLine="46"/>
      </Position29>
      <Position30>
        <Filename Value="units\uBasic.pas"/>
        <Caret Line="47" Column="192" TopLine="7"/>
      </Position30>
    </JumpHistory>
  </ProjectOptions>
  <CompilerOptions>
    <Version Value="11"/>
    <PathDelim Value="\"/>
    <SearchPaths>
      <IncludeFiles Value="$(ProjOutDir);..\lib;..\lib\Dependencies\SDL;..\lib\Dependencies\DirectX;..\lib\Dependencies\Vampyre;..\modules"/>
      <OtherUnitFiles Value="..\lib;..\lib\Core;..\lib\Core\Base;..\lib\Core\IO;..\lib\Core\Providers;..\lib\Foundation;..\lib\Foundation\Animations;..\lib\Foundation\Audio;..\lib\Foundation\Network;..\lib\Foundation\Pipeline;..\lib\Foundation\Scene;..\lib\Foundation\Scripting;..\lib\Graphics;..\lib\Graphics\Effects;..\lib\Graphics\Fonts;..\lib\Graphics\GUI;..\lib\Graphics\Textures;..\lib\Dependencies\DirectX;..\lib\Dependencies\SDL;..\lib\Dependencies\OpenGL;..\lib\Dependencies\Vampyre;..\modules;units"/>
      <UnitOutputDirectory Value="..\build\$(TargetCPU)-$(TargetOS)"/>
    </SearchPaths>
    <Conditionals Value="// Mac OS build macro
if TargetOS = 'darwin' then
  LinkerOptions += ' -L../lib/MacOSX';"/>
    <BuildMacros>
      <Count Value="1"/>
      <Item1>
        <Identifier Value="MacOS_Link"/>
      </Item1>
    </BuildMacros>
    <Parsing>
      <SyntaxOptions>
        <SyntaxMode Value="Delphi"/>
        <UseAnsiStrings Value="False"/>
      </SyntaxOptions>
    </Parsing>
    <CodeGeneration>
      <SmartLinkUnit Value="True"/>
      <SmallerCode Value="True"/>
      <Optimizations>
        <OptimizationLevel Value="3"/>
      </Optimizations>
    </CodeGeneration>
    <Linking>
      <Debugging>
        <DebugInfoType Value="dsStabs"/>
        <StripSymbols Value="True"/>
        <UseExternalDbgSyms Value="True"/>
      </Debugging>
      <LinkSmart Value="True"/>
      <Options>
        <PassLinkerOptions Value="True"/>
      </Options>
    </Linking>
    <Other>
      <CompilerMessages>
        <UseMsgFile Value="True"/>
      </CompilerMessages>
      <ConfigFile>
        <CustomConfigFile Value="True"/>
        <ConfigFilePath Value="config.cfg"/>
      </ConfigFile>
      <CompilerPath Value="$(CompPath)"/>
    </Other>
  </CompilerOptions>
  <Debugging>
    <Exceptions Count="3">
      <Item1>
        <Name Value="EAbort"/>
      </Item1>
      <Item2>
        <Name Value="ECodetoolError"/>
      </Item2>
      <Item3>
        <Name Value="EFOpenError"/>
      </Item3>
    </Exceptions>
  </Debugging>
</CONFIG>
